
Microsoft Visual Studio Solution File, Format Version 12.00
# Visual Studio Version 17
VisualStudioVersion = 17.2.32616.157
MinimumVisualStudioVersion = 10.0.40219.1
Project("{8BC9CEB8-8B4A-11D0-8D11-00A0C91BC942}") = "Network", "Network\Network.vcxproj", "{011F9682-7D6F-47DE-B521-29D1F1152F3B}"
EndProject
Project("{8BC9CEB8-8B4A-11D0-8D11-00A0C91BC942}") = "TestServer", "Tests\TryServer\TestServer.vcxproj", "{CE7F1EB5-2CA8-4AFD-AA9F-7C99C9D0E9C9}"
EndProject
Project("{8BC9CEB8-8B4A-11D0-8D11-00A0C91BC942}") = "FTP", "Submodules\FTP\FTP.vcxproj", "{6C0F743C-BCDB-47E3-9248-3F5302390E41}"
	ProjectSection(ProjectDependencies) = postProject
		{011F9682-7D6F-47DE-B521-29D1F1152F3B} = {011F9682-7D6F-47DE-B521-29D1F1152F3B}
	EndProjectSection
EndProject
Project("{2150E333-8FDC-42A3-9474-1A3956D46DE8}") = "Tests", "Tests", "{35C53741-76A6-4069-9B2F-E59DA54E71EF}"
EndProject
Project("{8BC9CEB8-8B4A-11D0-8D11-00A0C91BC942}") = "ServerTCP", "Submodules\TCP\Server.vcxproj", "{9C9ACE28-D793-4B08-A39D-110A40BDB40D}"
EndProject
Project("{8BC9CEB8-8B4A-11D0-8D11-00A0C91BC942}") = "TrySomething", "Tests\TrySomething\TrySomething.vcxproj", "{EAA38F37-F7A8-4E38-B07C-734F23F00E52}"
	ProjectSection(ProjectDependencies) = postProject
		{011F9682-7D6F-47DE-B521-29D1F1152F3B} = {011F9682-7D6F-47DE-B521-29D1F1152F3B}
	EndProjectSection
EndProject
Project("{8BC9CEB8-8B4A-11D0-8D11-00A0C91BC942}") = "TestCypher", "Tests\TestCypher\TestCypher.vcxproj", "{26EB7360-46F6-48C5-9A9B-6DB08D1AF660}"
EndProject
Project("{2150E333-8FDC-42A3-9474-1A3956D46DE8}") = "API", "API", "{D46D54A7-C11F-4EB3-B5A0-8A4437B5EF5A}"
EndProject
Project("{8BC9CEB8-8B4A-11D0-8D11-00A0C91BC942}") = "TESTING_API", "Tests\API\API.vcxproj", "{DDAA3936-D3A3-407D-8F82-5A7D120FCD94}"
EndProject
Global
	GlobalSection(SolutionConfigurationPlatforms) = preSolution
		Debug_Release|x64 = Debug_Release|x64
		Debug_Release|x86 = Debug_Release|x86
		Debug|x64 = Debug|x64
		Debug|x86 = Debug|x86
		Release|x64 = Release|x64
		Release|x86 = Release|x86
	EndGlobalSection
	GlobalSection(ProjectConfigurationPlatforms) = postSolution
		{011F9682-7D6F-47DE-B521-29D1F1152F3B}.Debug_Release|x64.ActiveCfg = Debug_Release|Win32
		{011F9682-7D6F-47DE-B521-29D1F1152F3B}.Debug_Release|x86.ActiveCfg = Debug_Release|Win32
		{011F9682-7D6F-47DE-B521-29D1F1152F3B}.Debug_Release|x86.Build.0 = Debug_Release|Win32
		{011F9682-7D6F-47DE-B521-29D1F1152F3B}.Debug|x64.ActiveCfg = Debug|Win32
		{011F9682-7D6F-47DE-B521-29D1F1152F3B}.Debug|x86.ActiveCfg = Debug|Win32
		{011F9682-7D6F-47DE-B521-29D1F1152F3B}.Debug|x86.Build.0 = Debug|Win32
		{011F9682-7D6F-47DE-B521-29D1F1152F3B}.Release|x64.ActiveCfg = Release|Win32
		{011F9682-7D6F-47DE-B521-29D1F1152F3B}.Release|x86.ActiveCfg = Release|Win32
		{011F9682-7D6F-47DE-B521-29D1F1152F3B}.Release|x86.Build.0 = Release|Win32
		{CE7F1EB5-2CA8-4AFD-AA9F-7C99C9D0E9C9}.Debug_Release|x64.ActiveCfg = Debug_Release|Win32
		{CE7F1EB5-2CA8-4AFD-AA9F-7C99C9D0E9C9}.Debug_Release|x86.ActiveCfg = Debug_Release|Win32
		{CE7F1EB5-2CA8-4AFD-AA9F-7C99C9D0E9C9}.Debug_Release|x86.Build.0 = Debug_Release|Win32
		{CE7F1EB5-2CA8-4AFD-AA9F-7C99C9D0E9C9}.Debug|x64.ActiveCfg = Debug|Win32
		{CE7F1EB5-2CA8-4AFD-AA9F-7C99C9D0E9C9}.Debug|x86.ActiveCfg = Debug|Win32
		{CE7F1EB5-2CA8-4AFD-AA9F-7C99C9D0E9C9}.Release|x64.ActiveCfg = Release|Win32
		{CE7F1EB5-2CA8-4AFD-AA9F-7C99C9D0E9C9}.Release|x86.ActiveCfg = Release|Win32
		{6C0F743C-BCDB-47E3-9248-3F5302390E41}.Debug_Release|x64.ActiveCfg = Debug_Release|x64
		{6C0F743C-BCDB-47E3-9248-3F5302390E41}.Debug_Release|x64.Build.0 = Debug_Release|x64
		{6C0F743C-BCDB-47E3-9248-3F5302390E41}.Debug_Release|x86.ActiveCfg = Debug_Release|Win32
		{6C0F743C-BCDB-47E3-9248-3F5302390E41}.Debug_Release|x86.Build.0 = Debug_Release|Win32
		{6C0F743C-BCDB-47E3-9248-3F5302390E41}.Debug|x64.ActiveCfg = Debug|x64
		{6C0F743C-BCDB-47E3-9248-3F5302390E41}.Debug|x64.Build.0 = Debug|x64
		{6C0F743C-BCDB-47E3-9248-3F5302390E41}.Debug|x86.ActiveCfg = Debug|Win32
		{6C0F743C-BCDB-47E3-9248-3F5302390E41}.Debug|x86.Build.0 = Debug|Win32
		{6C0F743C-BCDB-47E3-9248-3F5302390E41}.Release|x64.ActiveCfg = Release|x64
		{6C0F743C-BCDB-47E3-9248-3F5302390E41}.Release|x86.ActiveCfg = Release|Win32
		{6C0F743C-BCDB-47E3-9248-3F5302390E41}.Release|x86.Build.0 = Release|Win32
		{9C9ACE28-D793-4B08-A39D-110A40BDB40D}.Debug_Release|x64.ActiveCfg = Debug_Release|Win32
		{9C9ACE28-D793-4B08-A39D-110A40BDB40D}.Debug_Release|x86.ActiveCfg = Debug_Release|Win32
		{9C9ACE28-D793-4B08-A39D-110A40BDB40D}.Debug_Release|x86.Build.0 = Debug_Release|Win32
		{9C9ACE28-D793-4B08-A39D-110A40BDB40D}.Debug|x64.ActiveCfg = Debug|Win32
		{9C9ACE28-D793-4B08-A39D-110A40BDB40D}.Debug|x86.ActiveCfg = Debug|Win32
		{9C9ACE28-D793-4B08-A39D-110A40BDB40D}.Release|x64.ActiveCfg = Release|Win32
		{9C9ACE28-D793-4B08-A39D-110A40BDB40D}.Release|x86.ActiveCfg = Release|Win32
		{9C9ACE28-D793-4B08-A39D-110A40BDB40D}.Release|x86.Build.0 = Release|Win32
		{EAA38F37-F7A8-4E38-B07C-734F23F00E52}.Debug_Release|x64.ActiveCfg = Release|x64
		{EAA38F37-F7A8-4E38-B07C-734F23F00E52}.Debug_Release|x64.Build.0 = Release|x64
		{EAA38F37-F7A8-4E38-B07C-734F23F00E52}.Debug_Release|x86.ActiveCfg = Release|Win32
		{EAA38F37-F7A8-4E38-B07C-734F23F00E52}.Debug_Release|x86.Build.0 = Release|Win32
		{EAA38F37-F7A8-4E38-B07C-734F23F00E52}.Debug|x64.ActiveCfg = Debug|x64
		{EAA38F37-F7A8-4E38-B07C-734F23F00E52}.Debug|x64.Build.0 = Debug|x64
		{EAA38F37-F7A8-4E38-B07C-734F23F00E52}.Debug|x86.ActiveCfg = Debug|Win32
		{EAA38F37-F7A8-4E38-B07C-734F23F00E52}.Release|x64.ActiveCfg = Release|x64
		{EAA38F37-F7A8-4E38-B07C-734F23F00E52}.Release|x64.Build.0 = Release|x64
		{EAA38F37-F7A8-4E38-B07C-734F23F00E52}.Release|x86.ActiveCfg = Release|Win32
		{EAA38F37-F7A8-4E38-B07C-734F23F00E52}.Release|x86.Build.0 = Release|Win32
		{26EB7360-46F6-48C5-9A9B-6DB08D1AF660}.Debug_Release|x64.ActiveCfg = Release|x64
		{26EB7360-46F6-48C5-9A9B-6DB08D1AF660}.Debug_Release|x64.Build.0 = Release|x64
		{26EB7360-46F6-48C5-9A9B-6DB08D1AF660}.Debug_Release|x86.ActiveCfg = Release|Win32
		{26EB7360-46F6-48C5-9A9B-6DB08D1AF660}.Debug_Release|x86.Build.0 = Release|Win32
		{26EB7360-46F6-48C5-9A9B-6DB08D1AF660}.Debug|x64.ActiveCfg = Debug|x64
		{26EB7360-46F6-48C5-9A9B-6DB08D1AF660}.Debug|x64.Build.0 = Debug|x64
		{26EB7360-46F6-48C5-9A9B-6DB08D1AF660}.Debug|x86.ActiveCfg = Debug|Win32
		{26EB7360-46F6-48C5-9A9B-6DB08D1AF660}.Debug|x86.Build.0 = Debug|Win32
		{26EB7360-46F6-48C5-9A9B-6DB08D1AF660}.Release|x64.ActiveCfg = Release|x64
		{26EB7360-46F6-48C5-9A9B-6DB08D1AF660}.Release|x64.Build.0 = Release|x64
		{26EB7360-46F6-48C5-9A9B-6DB08D1AF660}.Release|x86.ActiveCfg = Release|Win32
		{26EB7360-46F6-48C5-9A9B-6DB08D1AF660}.Release|x86.Build.0 = Release|Win32
		{DDAA3936-D3A3-407D-8F82-5A7D120FCD94}.Debug_Release|x64.ActiveCfg = Release|Win32
		{DDAA3936-D3A3-407D-8F82-5A7D120FCD94}.Debug_Release|x64.Build.0 = Release|Win32
		{DDAA3936-D3A3-407D-8F82-5A7D120FCD94}.Debug_Release|x86.ActiveCfg = Release|Win32
		{DDAA3936-D3A3-407D-8F82-5A7D120FCD94}.Debug_Release|x86.Build.0 = Release|Win32
		{DDAA3936-D3A3-407D-8F82-5A7D120FCD94}.Debug|x64.ActiveCfg = Debug|Win32
		{DDAA3936-D3A3-407D-8F82-5A7D120FCD94}.Debug|x64.Build.0 = Debug|Win32
		{DDAA3936-D3A3-407D-8F82-5A7D120FCD94}.Debug|x86.ActiveCfg = Debug|Win32
		{DDAA3936-D3A3-407D-8F82-5A7D120FCD94}.Debug|x86.Build.0 = Debug|Win32
		{DDAA3936-D3A3-407D-8F82-5A7D120FCD94}.Release|x64.ActiveCfg = Release|Win32
		{DDAA3936-D3A3-407D-8F82-5A7D120FCD94}.Release|x64.Build.0 = Release|Win32
		{DDAA3936-D3A3-407D-8F82-5A7D120FCD94}.Release|x86.ActiveCfg = Release|Win32
		{DDAA3936-D3A3-407D-8F82-5A7D120FCD94}.Release|x86.Build.0 = Release|Win32
	EndGlobalSection
	GlobalSection(SolutionProperties) = preSolution
		HideSolutionNode = FALSE
	EndGlobalSection
	GlobalSection(NestedProjects) = preSolution
		{CE7F1EB5-2CA8-4AFD-AA9F-7C99C9D0E9C9} = {35C53741-76A6-4069-9B2F-E59DA54E71EF}
		{EAA38F37-F7A8-4E38-B07C-734F23F00E52} = {35C53741-76A6-4069-9B2F-E59DA54E71EF}
		{26EB7360-46F6-48C5-9A9B-6DB08D1AF660} = {35C53741-76A6-4069-9B2F-E59DA54E71EF}
		{D46D54A7-C11F-4EB3-B5A0-8A4437B5EF5A} = {35C53741-76A6-4069-9B2F-E59DA54E71EF}
		{DDAA3936-D3A3-407D-8F82-5A7D120FCD94} = {D46D54A7-C11F-4EB3-B5A0-8A4437B5EF5A}
	EndGlobalSection
	GlobalSection(ExtensibilityGlobals) = postSolution
		SolutionGuid = {9DFAA5E1-AE39-4FC1-A3A2-EA8D5536BD7E}
	EndGlobalSection
EndGlobal
