<?xml version="1.0" encoding="utf-8"?>
<Project ToolsVersion="4.0" xmlns="http://schemas.microsoft.com/developer/msbuild/2003">
  <ItemGroup>
    <Filter Include="Файлы ресурсов">
      <UniqueIdentifier>{67DA6AB6-F800-4c08-8B7A-83BB121AAD01}</UniqueIdentifier>
      <Extensions>rc;ico;cur;bmp;dlg;rc2;rct;bin;rgs;gif;jpg;jpeg;jpe;resx;tiff;tif;png;wav;mfcribbon-ms</Extensions>
    </Filter>
    <Filter Include="Source Files">
      <UniqueIdentifier>{4FC737F1-C7A5-4376-A066-2A32D752A2FF}</UniqueIdentifier>
      <Extensions>cpp;c;cc;cxx;c++;def;odl;idl;hpj;bat;asm;asmx</Extensions>
    </Filter>
    <Filter Include="Source Files\MySQL">
      <UniqueIdentifier>{b1f6b4d5-05c3-459a-a59d-25f488131ec0}</UniqueIdentifier>
    </Filter>
    <Filter Include="Include Files">
      <UniqueIdentifier>{93995380-89BD-4b04-88EB-625FBE52EBFB}</UniqueIdentifier>
      <Extensions>h;hh;hpp;hxx;h++;hm;inl;inc;ipp;xsd</Extensions>
    </Filter>
    <Filter Include="Include Files\LZ4">
      <UniqueIdentifier>{25eedf5f-5b6f-4e4a-9eeb-3f872901df43}</UniqueIdentifier>
    </Filter>
    <Filter Include="Include Files\MySQL">
      <UniqueIdentifier>{e4990491-1169-4824-937c-a69514f83895}</UniqueIdentifier>
    </Filter>
    <Filter Include="Source Files\ODBC">
      <UniqueIdentifier>{dbfed624-2234-48da-8963-a8f073f4aac4}</UniqueIdentifier>
    </Filter>
    <Filter Include="Include Files\ODBC">
      <UniqueIdentifier>{e8f2011a-1659-4942-acee-c02c2405564a}</UniqueIdentifier>
    </Filter>
    <Filter Include="Source Files\Project System">
      <UniqueIdentifier>{1df9bc83-d160-48db-9c97-efeb2760fa44}</UniqueIdentifier>
    </Filter>
    <Filter Include="Source Files\Project System\File System">
      <UniqueIdentifier>{9dec4551-168e-4626-bf0d-72b3780b3795}</UniqueIdentifier>
    </Filter>
    <Filter Include="Source Files\Project System\File System\File Watcher">
      <UniqueIdentifier>{d97db834-4417-4fe7-bd97-226d70de2fc6}</UniqueIdentifier>
    </Filter>
    <Filter Include="Source Files\fineftp">
      <UniqueIdentifier>{f45012a9-3238-48a5-bed9-e58bb80c06de}</UniqueIdentifier>
    </Filter>
    <Filter Include="Include Files\fineftp">
      <UniqueIdentifier>{ed159ace-94eb-4458-83f5-439452728752}</UniqueIdentifier>
    </Filter>
    <Filter Include="Include Files\HTTP">
      <UniqueIdentifier>{a4451532-4a9d-43ce-b04b-7559380b54e9}</UniqueIdentifier>
    </Filter>
    <Filter Include="Source Files\HTTP">
      <UniqueIdentifier>{4ee2330d-612a-40d4-9107-52f01cbd859e}</UniqueIdentifier>
    </Filter>
    <Filter Include="Source Files\Project System\Level">
      <UniqueIdentifier>{419f235a-b819-400d-ae62-5f47048d996a}</UniqueIdentifier>
    </Filter>
  </ItemGroup>
  <ItemGroup>
    <ClCompile Include="Source\Client.cpp">
      <Filter>Source Files</Filter>
    </ClCompile>
    <ClCompile Include="Source\Packet.cpp">
      <Filter>Source Files</Filter>
    </ClCompile>
    <ClCompile Include="Source\MySQL\MySQL_Client.cpp">
      <Filter>Source Files\MySQL</Filter>
    </ClCompile>
    <ClCompile Include="Source\pch.cpp">
      <Filter>Source Files</Filter>
    </ClCompile>
    <ClCompile Include="Source\Connection.cpp">
      <Filter>Source Files</Filter>
    </ClCompile>
    <ClCompile Include="Source\ConnMan.cpp">
      <Filter>Source Files</Filter>
    </ClCompile>
    <ClCompile Include="Source\FTPClient.cpp">
      <Filter>Source Files</Filter>
    </ClCompile>
    <ClCompile Include="Source\ODBC\ODBC.cpp">
      <Filter>Source Files\ODBC</Filter>
    </ClCompile>
    <ClCompile Include="Submodules\FTP\Server\fineftp-server\src\filesystem.cpp">
      <Filter>Source Files\fineftp</Filter>
    </ClCompile>
    <ClCompile Include="Submodules\FTP\Server\fineftp-server\src\ftp_session.cpp">
      <Filter>Source Files\fineftp</Filter>
    </ClCompile>
    <ClCompile Include="Submodules\FTP\Server\fineftp-server\src\server.cpp">
      <Filter>Source Files\fineftp</Filter>
    </ClCompile>
    <ClCompile Include="Submodules\FTP\Server\fineftp-server\src\server_impl.cpp">
      <Filter>Source Files\fineftp</Filter>
    </ClCompile>
    <ClCompile Include="Submodules\FTP\Server\fineftp-server\src\user_database.cpp">
      <Filter>Source Files\fineftp</Filter>
    </ClCompile>
    <ClCompile Include="Submodules\SelfLogger\src\logger.cpp">
      <Filter>Source Files</Filter>
    </ClCompile>
    <ClCompile Include="Source\DB_Query.cpp">
      <Filter>Source Files</Filter>
    </ClCompile>
    <ClCompile Include="Source\Cookie.cpp">
      <Filter>Source Files</Filter>
    </ClCompile>
    <ClCompile Include="Source\http\HTTP.cpp">
      <Filter>Source Files\HTTP</Filter>
    </ClCompile>
    <ClCompile Include="Source\Servers.cpp">
      <Filter>Source Files</Filter>
    </ClCompile>
    <ClCompile Include="Submodules\Project System\File_system.cpp">
      <Filter>Source Files\Project System\File System</Filter>
    </ClCompile>
    <ClCompile Include="Submodules\Project System\FileWatcher\source\FileWatcher.cpp">
      <Filter>Source Files\Project System\File System\File Watcher</Filter>
    </ClCompile>
    <ClCompile Include="Submodules\Project System\FileWatcher\source\FileWatcherWin32.cpp">
      <Filter>Source Files\Project System\File System\File Watcher</Filter>
    </ClCompile>
    <ClCompile Include="Submodules\Project System\FileWatcher\SimpleDemo.cpp">
      <Filter>Source Files\Project System\File System\File Watcher</Filter>
    </ClCompile>
    <ClCompile Include="Submodules\Project System\Tools.cpp">
      <Filter>Source Files\Project System</Filter>
    </ClCompile>
    <ClCompile Include="Submodules\Project System\Project.cpp">
      <Filter>Source Files\Project System</Filter>
    </ClCompile>
    <ClCompile Include="Submodules\Project System\GameObjects.cpp">
      <Filter>Source Files\Project System\Level</Filter>
    </ClCompile>
    <ClCompile Include="Submodules\Project System\Levels.cpp">
      <Filter>Source Files\Project System\Level</Filter>
    </ClCompile>
    <ClCompile Include="Submodules\Project System\SimpleLogic.cpp">
      <Filter>Source Files\Project System\Level</Filter>
    </ClCompile>
  </ItemGroup>
  <ItemGroup>
    <ClInclude Include="Include\Client.hpp">
      <Filter>Include Files</Filter>
    </ClInclude>
    <ClInclude Include="Include\Packet.hpp">
      <Filter>Include Files</Filter>
    </ClInclude>
    <ClInclude Include="Include\LZ4\lz4.h">
      <Filter>Include Files\LZ4</Filter>
    </ClInclude>
    <ClInclude Include="Include\LZ4\lz4frame.h">
      <Filter>Include Files\LZ4</Filter>
    </ClInclude>
    <ClInclude Include="Include\LZ4\lz4hc.h">
      <Filter>Include Files\LZ4</Filter>
    </ClInclude>
    <ClInclude Include="Include\pch.h">
      <Filter>Include Files</Filter>
    </ClInclude>
    <ClInclude Include="Include\ConnMan.h">
      <Filter>Include Files</Filter>
    </ClInclude>
    <ClInclude Include="Include\MySQL\MySQL_Config.h">
      <Filter>Include Files\MySQL</Filter>
    </ClInclude>
    <ClInclude Include="Include\MySQL\MySQL_Client.h">
      <Filter>Include Files\MySQL</Filter>
    </ClInclude>
    <ClInclude Include="Include\FTPClient.h">
      <Filter>Include Files</Filter>
    </ClInclude>
    <ClInclude Include="Include\ODBC\ODBC.h">
      <Filter>Include Files\ODBC</Filter>
    </ClInclude>
    <ClInclude Include="Submodules\FTP\Server\fineftp-server\src\filesystem.h">
      <Filter>Source Files\fineftp</Filter>
    </ClInclude>
    <ClInclude Include="Submodules\FTP\Server\fineftp-server\src\ftp_message.h">
      <Filter>Source Files\fineftp</Filter>
    </ClInclude>
    <ClInclude Include="Submodules\FTP\Server\fineftp-server\src\ftp_session.h">
      <Filter>Source Files\fineftp</Filter>
    </ClInclude>
    <ClInclude Include="Submodules\FTP\Server\fineftp-server\src\ftp_user.h">
      <Filter>Source Files\fineftp</Filter>
    </ClInclude>
    <ClInclude Include="Submodules\FTP\Server\fineftp-server\src\server_impl.h">
      <Filter>Source Files\fineftp</Filter>
    </ClInclude>
    <ClInclude Include="Submodules\FTP\Server\fineftp-server\src\user_database.h">
      <Filter>Source Files\fineftp</Filter>
    </ClInclude>
    <ClInclude Include="Submodules\FTP\Server\fineftp-server\include\fineftp\permissions.h">
      <Filter>Include Files\fineftp</Filter>
    </ClInclude>
    <ClInclude Include="Submodules\FTP\Server\fineftp-server\include\fineftp\server.h">
      <Filter>Include Files\fineftp</Filter>
    </ClInclude>
    <ClInclude Include="Include\Servers.hpp">
      <Filter>Include Files</Filter>
    </ClInclude>
    <ClInclude Include="Submodules\SelfLogger\src\logger.h">
      <Filter>Include Files</Filter>
    </ClInclude>
    <ClInclude Include="Include\DB_Query.hpp">
      <Filter>Include Files</Filter>
    </ClInclude>
    <ClInclude Include="Include\Cookie.h">
      <Filter>Include Files</Filter>
    </ClInclude>
    <ClInclude Include="Include\http\HTTP.h">
      <Filter>Include Files\HTTP</Filter>
    </ClInclude>
    <ClInclude Include="Submodules\Project System\File_system.h">
      <Filter>Source Files\Project System\File System</Filter>
    </ClInclude>
    <ClInclude Include="Submodules\Project System\FileWatcher\FileWatcher\FileWatcher.h">
      <Filter>Source Files\Project System\File System\File Watcher</Filter>
    </ClInclude>
    <ClInclude Include="Submodules\Project System\FileWatcher\FileWatcher\FileWatcherImpl.h">
      <Filter>Source Files\Project System\File System\File Watcher</Filter>
    </ClInclude>
    <ClInclude Include="Submodules\Project System\FileWatcher\FileWatcher\FileWatcherWin32.h">
      <Filter>Source Files\Project System\File System\File Watcher</Filter>
    </ClInclude>
    <ClInclude Include="Submodules\Project System\Tools.h">
      <Filter>Source Files\Project System</Filter>
    </ClInclude>
    <ClInclude Include="Submodules\Project System\Project.h">
      <Filter>Source Files\Project System</Filter>
    </ClInclude>
    <ClInclude Include="Submodules\Project System\GameObjects.h">
      <Filter>Source Files\Project System\Level</Filter>
    </ClInclude>
    <ClInclude Include="Submodules\Project System\Levels.h">
      <Filter>Source Files\Project System\Level</Filter>
    </ClInclude>
    <ClInclude Include="Submodules\Project System\SimpleLogic.h">
      <Filter>Source Files\Project System\Level</Filter>
    </ClInclude>
  </ItemGroup>
</Project>